
Microsoft Visual Studio Solution File, Format Version 12.00
# Visual Studio Version 17
VisualStudioVersion = 17.8.34408.163
MinimumVisualStudioVersion = 10.0.40219.1
Project("{FAE04EC0-301F-11D3-BF4B-00C04F79EFBC}") = "Snake_game", "Snake_game\Snake_game.csproj", "{0265CE50-146B-472B-B8BE-0E35F80466CC}"
EndProject
Global
	GlobalSection(SolutionConfigurationPlatforms) = preSolution
		Debug|Any CPU = Debug|Any CPU
		Release|Any CPU = Release|Any CPU
	EndGlobalSection
	GlobalSection(ProjectConfigurationPlatforms) = postSolution
		{0265CE50-146B-472B-B8BE-0E35F80466CC}.Debug|Any CPU.ActiveCfg = Debug|Any CPU
		{0265CE50-146B-472B-B8BE-0E35F80466CC}.Debug|Any CPU.Build.0 = Debug|Any CPU
		{0265CE50-146B-472B-B8BE-0E35F80466CC}.Release|Any CPU.ActiveCfg = Release|Any CPU
		{0265CE50-146B-472B-B8BE-0E35F80466CC}.Release|Any CPU.Build.0 = Release|Any CPU
	EndGlobalSection
	GlobalSection(SolutionProperties) = preSolution
		HideSolutionNode = FALSE
	EndGlobalSection
	GlobalSection(ExtensibilityGlobals) = postSolution
		SolutionGuid = {53A0150A-7864-40C4-9F14-0711CCEB7F8F}
	EndGlobalSection
EndGlobal
